{
  "name": "tetr.js",
  "version": "4.0.0",
  "lockfileVersion": 3,
  "requires": true,
  "packages": {
    "": {
      "name": "tetr.js",
      "version": "4.0.0",
      "license": "MIT",
      "dependencies": {
        "msgpackr": "^1.10.0",
        "ws": "^8.15.1"
      },
      "devDependencies": {
        "@types/msgpack-lite": "^0.1.11",
        "@types/ws": "^8.5.10",
        "ts-node": "^10.9.2",
        "typedoc": "^0.25.4",
        "typescript": "^5.3.3"
      }
    },
    "node_modules/@cspotcode/source-map-support": {
      "version": "0.8.1",
      "resolved": "https://registry.npmjs.org/@cspotcode/source-map-support/-/source-map-support-0.8.1.tgz",
      "integrity": "sha512-IchNf6dN4tHoMFIn/7OE8LWZ19Y6q/67Bmf6vnGREv8RSbBVb9LPJxEcnwrcwX6ixSvaiGoomAUvu4YSxXrVgw==",
      "dev": true,
      "dependencies": {
        "@jridgewell/trace-mapping": "0.3.9"
      },
      "engines": {
        "node": ">=12"
      }
    },
    "node_modules/@jridgewell/resolve-uri": {
      "version": "3.1.1",
      "resolved": "https://registry.npmjs.org/@jridgewell/resolve-uri/-/resolve-uri-3.1.1.tgz",
      "integrity": "sha512-dSYZh7HhCDtCKm4QakX0xFpsRDqjjtZf/kjI/v3T3Nwt5r8/qz/M19F9ySyOqU94SXBmeG9ttTul+YnR4LOxFA==",
      "dev": true,
      "engines": {
        "node": ">=6.0.0"
      }
    },
    "node_modules/@jridgewell/sourcemap-codec": {
      "version": "1.4.15",
      "resolved": "https://registry.npmjs.org/@jridgewell/sourcemap-codec/-/sourcemap-codec-1.4.15.tgz",
      "integrity": "sha512-eF2rxCRulEKXHTRiDrDy6erMYWqNw4LPdQ8UQA4huuxaQsVeRPFl2oM8oDGxMFhJUWZf9McpLtJasDDZb/Bpeg==",
      "dev": true
    },
    "node_modules/@jridgewell/trace-mapping": {
      "version": "0.3.9",
      "resolved": "https://registry.npmjs.org/@jridgewell/trace-mapping/-/trace-mapping-0.3.9.tgz",
      "integrity": "sha512-3Belt6tdc8bPgAtbcmdtNJlirVoTmEb5e2gC94PnkwEW9jI6CAHUeoG85tjWP5WquqfavoMtMwiG4P926ZKKuQ==",
      "dev": true,
      "dependencies": {
        "@jridgewell/resolve-uri": "^3.0.3",
        "@jridgewell/sourcemap-codec": "^1.4.10"
      }
    },
    "node_modules/@msgpackr-extract/msgpackr-extract-darwin-arm64": {
      "version": "3.0.2",
      "resolved": "https://registry.npmjs.org/@msgpackr-extract/msgpackr-extract-darwin-arm64/-/msgpackr-extract-darwin-arm64-3.0.2.tgz",
      "integrity": "sha512-9bfjwDxIDWmmOKusUcqdS4Rw+SETlp9Dy39Xui9BEGEk19dDwH0jhipwFzEff/pFg95NKymc6TOTbRKcWeRqyQ==",
      "cpu": [
        "arm64"
      ],
      "optional": true,
      "os": [
        "darwin"
      ]
    },
    "node_modules/@msgpackr-extract/msgpackr-extract-darwin-x64": {
      "version": "3.0.2",
      "resolved": "https://registry.npmjs.org/@msgpackr-extract/msgpackr-extract-darwin-x64/-/msgpackr-extract-darwin-x64-3.0.2.tgz",
      "integrity": "sha512-lwriRAHm1Yg4iDf23Oxm9n/t5Zpw1lVnxYU3HnJPTi2lJRkKTrps1KVgvL6m7WvmhYVt/FIsssWay+k45QHeuw==",
      "cpu": [
        "x64"
      ],
      "optional": true,
      "os": [
        "darwin"
      ]
    },
    "node_modules/@msgpackr-extract/msgpackr-extract-linux-arm": {
      "version": "3.0.2",
      "resolved": "https://registry.npmjs.org/@msgpackr-extract/msgpackr-extract-linux-arm/-/msgpackr-extract-linux-arm-3.0.2.tgz",
      "integrity": "sha512-MOI9Dlfrpi2Cuc7i5dXdxPbFIgbDBGgKR5F2yWEa6FVEtSWncfVNKW5AKjImAQ6CZlBK9tympdsZJ2xThBiWWA==",
      "cpu": [
        "arm"
      ],
      "optional": true,
      "os": [
        "linux"
      ]
    },
    "node_modules/@msgpackr-extract/msgpackr-extract-linux-arm64": {
      "version": "3.0.2",
      "resolved": "https://registry.npmjs.org/@msgpackr-extract/msgpackr-extract-linux-arm64/-/msgpackr-extract-linux-arm64-3.0.2.tgz",
      "integrity": "sha512-FU20Bo66/f7He9Fp9sP2zaJ1Q8L9uLPZQDub/WlUip78JlPeMbVL8546HbZfcW9LNciEXc8d+tThSJjSC+tmsg==",
      "cpu": [
        "arm64"
      ],
      "optional": true,
      "os": [
        "linux"
      ]
    },
    "node_modules/@msgpackr-extract/msgpackr-extract-linux-x64": {
      "version": "3.0.2",
      "resolved": "https://registry.npmjs.org/@msgpackr-extract/msgpackr-extract-linux-x64/-/msgpackr-extract-linux-x64-3.0.2.tgz",
      "integrity": "sha512-gsWNDCklNy7Ajk0vBBf9jEx04RUxuDQfBse918Ww+Qb9HCPoGzS+XJTLe96iN3BVK7grnLiYghP/M4L8VsaHeA==",
      "cpu": [
        "x64"
      ],
      "optional": true,
      "os": [
        "linux"
      ]
    },
    "node_modules/@msgpackr-extract/msgpackr-extract-win32-x64": {
      "version": "3.0.2",
      "resolved": "https://registry.npmjs.org/@msgpackr-extract/msgpackr-extract-win32-x64/-/msgpackr-extract-win32-x64-3.0.2.tgz",
      "integrity": "sha512-O+6Gs8UeDbyFpbSh2CPEz/UOrrdWPTBYNblZK5CxxLisYt4kGX3Sc+czffFonyjiGSq3jWLwJS/CCJc7tBr4sQ==",
      "cpu": [
        "x64"
      ],
      "optional": true,
      "os": [
        "win32"
      ]
    },
    "node_modules/@tsconfig/node10": {
      "version": "1.0.9",
      "resolved": "https://registry.npmjs.org/@tsconfig/node10/-/node10-1.0.9.tgz",
      "integrity": "sha512-jNsYVVxU8v5g43Erja32laIDHXeoNvFEpX33OK4d6hljo3jDhCBDhx5dhCCTMWUojscpAagGiRkBKxpdl9fxqA==",
      "dev": true
    },
    "node_modules/@tsconfig/node12": {
      "version": "1.0.11",
      "resolved": "https://registry.npmjs.org/@tsconfig/node12/-/node12-1.0.11.tgz",
      "integrity": "sha512-cqefuRsh12pWyGsIoBKJA9luFu3mRxCA+ORZvA4ktLSzIuCUtWVxGIuXigEwO5/ywWFMZ2QEGKWvkZG1zDMTag==",
      "dev": true
    },
    "node_modules/@tsconfig/node14": {
      "version": "1.0.3",
      "resolved": "https://registry.npmjs.org/@tsconfig/node14/-/node14-1.0.3.tgz",
      "integrity": "sha512-ysT8mhdixWK6Hw3i1V2AeRqZ5WfXg1G43mqoYlM2nc6388Fq5jcXyr5mRsqViLx/GJYdoL0bfXD8nmF+Zn/Iow==",
      "dev": true
    },
    "node_modules/@tsconfig/node16": {
      "version": "1.0.4",
      "resolved": "https://registry.npmjs.org/@tsconfig/node16/-/node16-1.0.4.tgz",
      "integrity": "sha512-vxhUy4J8lyeyinH7Azl1pdd43GJhZH/tP2weN8TntQblOY+A0XbT8DJk1/oCPuOOyg/Ja757rG0CgHcWC8OfMA==",
      "dev": true
    },
    "node_modules/@types/msgpack-lite": {
      "version": "0.1.11",
      "resolved": "https://registry.npmjs.org/@types/msgpack-lite/-/msgpack-lite-0.1.11.tgz",
      "integrity": "sha512-cdCZS/gw+jIN22I4SUZUFf1ZZfVv5JM1//Br/MuZcI373sxiy3eSSoiyLu0oz+BPatTbGGGBO5jrcvd0siCdTQ==",
      "dev": true,
      "dependencies": {
        "@types/node": "*"
      }
    },
    "node_modules/@types/node": {
      "version": "20.10.4",
      "resolved": "https://registry.npmjs.org/@types/node/-/node-20.10.4.tgz",
      "integrity": "sha512-D08YG6rr8X90YB56tSIuBaddy/UXAA9RKJoFvrsnogAum/0pmjkgi4+2nx96A330FmioegBWmEYQ+syqCFaveg==",
      "dev": true,
      "dependencies": {
        "undici-types": "~5.26.4"
      }
    },
    "node_modules/@types/ws": {
      "version": "8.5.10",
      "resolved": "https://registry.npmjs.org/@types/ws/-/ws-8.5.10.tgz",
      "integrity": "sha512-vmQSUcfalpIq0R9q7uTo2lXs6eGIpt9wtnLdMv9LVpIjCA/+ufZRozlVoVelIYixx1ugCBKDhn89vnsEGOCx9A==",
      "dev": true,
      "dependencies": {
        "@types/node": "*"
      }
    },
    "node_modules/acorn": {
      "version": "8.11.2",
      "resolved": "https://registry.npmjs.org/acorn/-/acorn-8.11.2.tgz",
      "integrity": "sha512-nc0Axzp/0FILLEVsm4fNwLCwMttvhEI263QtVPQcbpfZZ3ts0hLsZGOpE6czNlid7CJ9MlyH8reXkpsf3YUY4w==",
      "dev": true,
      "bin": {
        "acorn": "bin/acorn"
      },
      "engines": {
        "node": ">=0.4.0"
      }
    },
    "node_modules/acorn-walk": {
      "version": "8.3.1",
      "resolved": "https://registry.npmjs.org/acorn-walk/-/acorn-walk-8.3.1.tgz",
      "integrity": "sha512-TgUZgYvqZprrl7YldZNoa9OciCAyZR+Ejm9eXzKCmjsF5IKp/wgQ7Z/ZpjpGTIUPwrHQIcYeI8qDh4PsEwxMbw==",
      "dev": true,
      "engines": {
        "node": ">=0.4.0"
      }
    },
    "node_modules/ansi-sequence-parser": {
      "version": "1.1.1",
      "resolved": "https://registry.npmjs.org/ansi-sequence-parser/-/ansi-sequence-parser-1.1.1.tgz",
      "integrity": "sha512-vJXt3yiaUL4UU546s3rPXlsry/RnM730G1+HkpKE012AN0sx1eOrxSu95oKDIonskeLTijMgqWZ3uDEe3NFvyg==",
      "dev": true
    },
    "node_modules/arg": {
      "version": "4.1.3",
      "resolved": "https://registry.npmjs.org/arg/-/arg-4.1.3.tgz",
      "integrity": "sha512-58S9QDqG0Xx27YwPSt9fJxivjYl432YCwfDMfZ+71RAqUrZef7LrKQZ3LHLOwCS4FLNBplP533Zx895SeOCHvA==",
      "dev": true
    },
    "node_modules/balanced-match": {
      "version": "1.0.2",
      "resolved": "https://registry.npmjs.org/balanced-match/-/balanced-match-1.0.2.tgz",
      "integrity": "sha512-3oSeUO0TMV67hN1AmbXsK4yaqU7tjiHlbxRDZOpH0KW9+CeX4bRAaX0Anxt0tx2MrpRpWwQaPwIlISEJhYU5Pw==",
      "dev": true
    },
    "node_modules/brace-expansion": {
      "version": "2.0.1",
      "resolved": "https://registry.npmjs.org/brace-expansion/-/brace-expansion-2.0.1.tgz",
      "integrity": "sha512-XnAIvQ8eM+kC6aULx6wuQiwVsnzsi9d3WxzV3FpWTGA19F621kwdbsAcFKXgKUHZWsy+mY6iL1sHTxWEFCytDA==",
      "dev": true,
      "dependencies": {
        "balanced-match": "^1.0.0"
      }
    },
    "node_modules/create-require": {
      "version": "1.1.1",
      "resolved": "https://registry.npmjs.org/create-require/-/create-require-1.1.1.tgz",
      "integrity": "sha512-dcKFX3jn0MpIaXjisoRvexIJVEKzaq7z2rZKxf+MSr9TkdmHmsU4m2lcLojrj/FHl8mk5VxMmYA+ftRkP/3oKQ==",
      "dev": true
    },
    "node_modules/diff": {
      "version": "4.0.2",
      "resolved": "https://registry.npmjs.org/diff/-/diff-4.0.2.tgz",
      "integrity": "sha512-58lmxKSA4BNyLz+HHMUzlOEpg09FV+ev6ZMe3vJihgdxzgcwZ8VoEEPmALCZG9LmqfVoNMMKpttIYTVG6uDY7A==",
      "dev": true,
      "engines": {
        "node": ">=0.3.1"
      }
    },
    "node_modules/jsonc-parser": {
      "version": "3.2.0",
      "resolved": "https://registry.npmjs.org/jsonc-parser/-/jsonc-parser-3.2.0.tgz",
      "integrity": "sha512-gfFQZrcTc8CnKXp6Y4/CBT3fTc0OVuDofpre4aEeEpSBPV5X5v4+Vmx+8snU7RLPrNHPKSgLxGo9YuQzz20o+w==",
      "dev": true
    },
    "node_modules/lunr": {
      "version": "2.3.9",
      "resolved": "https://registry.npmjs.org/lunr/-/lunr-2.3.9.tgz",
      "integrity": "sha512-zTU3DaZaF3Rt9rhN3uBMGQD3dD2/vFQqnvZCDv4dl5iOzq2IZQqTxu90r4E5J+nP70J3ilqVCrbho2eWaeW8Ow==",
      "dev": true
    },
    "node_modules/make-error": {
      "version": "1.3.6",
      "resolved": "https://registry.npmjs.org/make-error/-/make-error-1.3.6.tgz",
      "integrity": "sha512-s8UhlNe7vPKomQhC1qFelMokr/Sc3AgNbso3n74mVPA5LTZwkB9NlXf4XPamLxJE8h0gh73rM94xvwRT2CVInw==",
      "dev": true
    },
    "node_modules/marked": {
      "version": "4.3.0",
      "resolved": "https://registry.npmjs.org/marked/-/marked-4.3.0.tgz",
      "integrity": "sha512-PRsaiG84bK+AMvxziE/lCFss8juXjNaWzVbN5tXAm4XjeaS9NAHhop+PjQxz2A9h8Q4M/xGmzP8vqNwy6JeK0A==",
      "dev": true,
      "bin": {
        "marked": "bin/marked.js"
      },
      "engines": {
        "node": ">= 12"
      }
    },
    "node_modules/minimatch": {
      "version": "9.0.3",
      "resolved": "https://registry.npmjs.org/minimatch/-/minimatch-9.0.3.tgz",
      "integrity": "sha512-RHiac9mvaRw0x3AYRgDC1CxAP7HTcNrrECeA8YYJeWnpo+2Q5CegtZjaotWTWxDG3UeGA1coE05iH1mPjT/2mg==",
      "dev": true,
      "dependencies": {
        "brace-expansion": "^2.0.1"
      },
      "engines": {
        "node": ">=16 || 14 >=14.17"
      },
      "funding": {
        "url": "https://github.com/sponsors/isaacs"
      }
    },
    "node_modules/msgpackr": {
      "version": "1.10.0",
      "resolved": "https://registry.npmjs.org/msgpackr/-/msgpackr-1.10.0.tgz",
      "integrity": "sha512-rVQ5YAQDoZKZLX+h8tNq7FiHrPJoeGHViz3U4wIcykhAEpwF/nH2Vbk8dQxmpX5JavkI8C7pt4bnkJ02ZmRoUw==",
      "optionalDependencies": {
        "msgpackr-extract": "^3.0.2"
      }
    },
    "node_modules/msgpackr-extract": {
      "version": "3.0.2",
      "resolved": "https://registry.npmjs.org/msgpackr-extract/-/msgpackr-extract-3.0.2.tgz",
      "integrity": "sha512-SdzXp4kD/Qf8agZ9+iTu6eql0m3kWm1A2y1hkpTeVNENutaB0BwHlSvAIaMxwntmRUAUjon2V4L8Z/njd0Ct8A==",
      "hasInstallScript": true,
      "optional": true,
      "dependencies": {
        "node-gyp-build-optional-packages": "5.0.7"
      },
      "bin": {
        "download-msgpackr-prebuilds": "bin/download-prebuilds.js"
      },
      "optionalDependencies": {
        "@msgpackr-extract/msgpackr-extract-darwin-arm64": "3.0.2",
        "@msgpackr-extract/msgpackr-extract-darwin-x64": "3.0.2",
        "@msgpackr-extract/msgpackr-extract-linux-arm": "3.0.2",
        "@msgpackr-extract/msgpackr-extract-linux-arm64": "3.0.2",
        "@msgpackr-extract/msgpackr-extract-linux-x64": "3.0.2",
        "@msgpackr-extract/msgpackr-extract-win32-x64": "3.0.2"
      }
    },
    "node_modules/node-gyp-build-optional-packages": {
      "version": "5.0.7",
      "resolved": "https://registry.npmjs.org/node-gyp-build-optional-packages/-/node-gyp-build-optional-packages-5.0.7.tgz",
      "integrity": "sha512-YlCCc6Wffkx0kHkmam79GKvDQ6x+QZkMjFGrIMxgFNILFvGSbCp2fCBC55pGTT9gVaz8Na5CLmxt/urtzRv36w==",
      "optional": true,
      "bin": {
        "node-gyp-build-optional-packages": "bin.js",
        "node-gyp-build-optional-packages-optional": "optional.js",
        "node-gyp-build-optional-packages-test": "build-test.js"
      }
    },
    "node_modules/shiki": {
      "version": "0.14.6",
      "resolved": "https://registry.npmjs.org/shiki/-/shiki-0.14.6.tgz",
      "integrity": "sha512-R4koBBlQP33cC8cpzX0hAoOURBHJILp4Aaduh2eYi+Vj8ZBqtK/5SWNEHBS3qwUMu8dqOtI/ftno3ESfNeVW9g==",
      "dev": true,
      "dependencies": {
        "ansi-sequence-parser": "^1.1.0",
        "jsonc-parser": "^3.2.0",
        "vscode-oniguruma": "^1.7.0",
        "vscode-textmate": "^8.0.0"
      }
    },
    "node_modules/ts-node": {
      "version": "10.9.2",
      "resolved": "https://registry.npmjs.org/ts-node/-/ts-node-10.9.2.tgz",
      "integrity": "sha512-f0FFpIdcHgn8zcPSbf1dRevwt047YMnaiJM3u2w2RewrB+fob/zePZcrOyQoLMMO7aBIddLcQIEK5dYjkLnGrQ==",
      "dev": true,
      "dependencies": {
        "@cspotcode/source-map-support": "^0.8.0",
        "@tsconfig/node10": "^1.0.7",
        "@tsconfig/node12": "^1.0.7",
        "@tsconfig/node14": "^1.0.0",
        "@tsconfig/node16": "^1.0.2",
        "acorn": "^8.4.1",
        "acorn-walk": "^8.1.1",
        "arg": "^4.1.0",
        "create-require": "^1.1.0",
        "diff": "^4.0.1",
        "make-error": "^1.1.1",
        "v8-compile-cache-lib": "^3.0.1",
        "yn": "3.1.1"
      },
      "bin": {
        "ts-node": "dist/bin.js",
        "ts-node-cwd": "dist/bin-cwd.js",
        "ts-node-esm": "dist/bin-esm.js",
        "ts-node-script": "dist/bin-script.js",
        "ts-node-transpile-only": "dist/bin-transpile.js",
        "ts-script": "dist/bin-script-deprecated.js"
      },
      "peerDependencies": {
        "@swc/core": ">=1.2.50",
        "@swc/wasm": ">=1.2.50",
        "@types/node": "*",
        "typescript": ">=2.7"
      },
      "peerDependenciesMeta": {
        "@swc/core": {
          "optional": true
        },
        "@swc/wasm": {
          "optional": true
        }
      }
    },
    "node_modules/typedoc": {
      "version": "0.25.4",
      "resolved": "https://registry.npmjs.org/typedoc/-/typedoc-0.25.4.tgz",
      "integrity": "sha512-Du9ImmpBCw54bX275yJrxPVnjdIyJO/84co0/L9mwe0R3G4FSR6rQ09AlXVRvZEGMUg09+z/usc8mgygQ1aidA==",
      "dev": true,
      "dependencies": {
        "lunr": "^2.3.9",
        "marked": "^4.3.0",
        "minimatch": "^9.0.3",
        "shiki": "^0.14.1"
      },
      "bin": {
        "typedoc": "bin/typedoc"
      },
      "engines": {
        "node": ">= 16"
      },
      "peerDependencies": {
        "typescript": "4.6.x || 4.7.x || 4.8.x || 4.9.x || 5.0.x || 5.1.x || 5.2.x || 5.3.x"
      }
    },
    "node_modules/typescript": {
      "version": "5.3.3",
      "resolved": "https://registry.npmjs.org/typescript/-/typescript-5.3.3.tgz",
      "integrity": "sha512-pXWcraxM0uxAS+tN0AG/BF2TyqmHO014Z070UsJ+pFvYuRSq8KH8DmWpnbXe0pEPDHXZV3FcAbJkijJ5oNEnWw==",
      "dev": true,
      "bin": {
        "tsc": "bin/tsc",
        "tsserver": "bin/tsserver"
      },
      "engines": {
        "node": ">=14.17"
      }
    },
    "node_modules/undici-types": {
      "version": "5.26.5",
      "resolved": "https://registry.npmjs.org/undici-types/-/undici-types-5.26.5.tgz",
      "integrity": "sha512-JlCMO+ehdEIKqlFxk6IfVoAUVmgz7cU7zD/h9XZ0qzeosSHmUJVOzSQvvYSYWXkFXC+IfLKSIffhv0sVZup6pA==",
      "dev": true
    },
    "node_modules/v8-compile-cache-lib": {
      "version": "3.0.1",
      "resolved": "https://registry.npmjs.org/v8-compile-cache-lib/-/v8-compile-cache-lib-3.0.1.tgz",
      "integrity": "sha512-wa7YjyUGfNZngI/vtK0UHAN+lgDCxBPCylVXGp0zu59Fz5aiGtNXaq3DhIov063MorB+VfufLh3JlF2KdTK3xg==",
      "dev": true
    },
    "node_modules/vscode-oniguruma": {
      "version": "1.7.0",
      "resolved": "https://registry.npmjs.org/vscode-oniguruma/-/vscode-oniguruma-1.7.0.tgz",
      "integrity": "sha512-L9WMGRfrjOhgHSdOYgCt/yRMsXzLDJSL7BPrOZt73gU0iWO4mpqzqQzOz5srxqTvMBaR0XZTSrVWo4j55Rc6cA==",
      "dev": true
    },
    "node_modules/vscode-textmate": {
      "version": "8.0.0",
      "resolved": "https://registry.npmjs.org/vscode-textmate/-/vscode-textmate-8.0.0.tgz",
      "integrity": "sha512-AFbieoL7a5LMqcnOF04ji+rpXadgOXnZsxQr//r83kLPr7biP7am3g9zbaZIaBGwBRWeSvoMD4mgPdX3e4NWBg==",
      "dev": true
    },
    "node_modules/ws": {
      "version": "8.15.1",
      "resolved": "https://registry.npmjs.org/ws/-/ws-8.15.1.tgz",
      "integrity": "sha512-W5OZiCjXEmk0yZ66ZN82beM5Sz7l7coYxpRkzS+p9PP+ToQry8szKh+61eNktr7EA9DOwvFGhfC605jDHbP6QQ==",
      "engines": {
        "node": ">=10.0.0"
      },
      "peerDependencies": {
        "bufferutil": "^4.0.1",
        "utf-8-validate": ">=5.0.2"
      },
      "peerDependenciesMeta": {
        "bufferutil": {
          "optional": true
        },
        "utf-8-validate": {
          "optional": true
        }
      }
    },
    "node_modules/yn": {
      "version": "3.1.1",
      "resolved": "https://registry.npmjs.org/yn/-/yn-3.1.1.tgz",
      "integrity": "sha512-Ux4ygGWsu2c7isFWe8Yu1YluJmqVhxqK2cLXNQA5AcC3QfbGNpM7fu0Y8b/z16pXLnFxZYvWhd3fhBY9DLmC6Q==",
      "dev": true,
      "engines": {
        "node": ">=6"
      }
    }
  }
}
